
Microsoft Visual Studio Solution File, Format Version 12.00
# Visual Studio Version 16
VisualStudioVersion = 16.0.31515.178
MinimumVisualStudioVersion = 10.0.40219.1
Project("{FAE04EC0-301F-11D3-BF4B-00C04F79EFBC}") = "Employee2", "Employee2\Employee2.csproj", "{FA4B3FA4-D32E-4F04-813E-AFCD4AB2D1DC}"
EndProject
Global
	GlobalSection(SolutionConfigurationPlatforms) = preSolution
		Debug|Any CPU = Debug|Any CPU
		Release|Any CPU = Release|Any CPU
	EndGlobalSection
	GlobalSection(ProjectConfigurationPlatforms) = postSolution
		{FA4B3FA4-D32E-4F04-813E-AFCD4AB2D1DC}.Debug|Any CPU.ActiveCfg = Debug|Any CPU
		{FA4B3FA4-D32E-4F04-813E-AFCD4AB2D1DC}.Debug|Any CPU.Build.0 = Debug|Any CPU
		{FA4B3FA4-D32E-4F04-813E-AFCD4AB2D1DC}.Release|Any CPU.ActiveCfg = Release|Any CPU
		{FA4B3FA4-D32E-4F04-813E-AFCD4AB2D1DC}.Release|Any CPU.Build.0 = Release|Any CPU
	EndGlobalSection
	GlobalSection(SolutionProperties) = preSolution
		HideSolutionNode = FALSE
	EndGlobalSection
	GlobalSection(ExtensibilityGlobals) = postSolution
		SolutionGuid = {6340998B-6F2D-4538-A2B5-8418B96B5E21}
	EndGlobalSection
EndGlobal
